// !$*UTF8*$!
{
	archiveVersion = 1;
	classes = {
	};
	objectVersion = 48;
	objects = {

/* Begin PBXBuildFile section */
		B81B9D071FBA725900823325 /* Exercise.swift in Sources */ = {isa = PBXBuildFile; fileRef = B81B9D061FBA725900823325 /* Exercise.swift */; };
		B81B9D0B1FBB740300823325 /* UIColor.swift in Sources */ = {isa = PBXBuildFile; fileRef = B81B9D0A1FBB740300823325 /* UIColor.swift */; };
		B81B9D0D1FBC4B6D00823325 /* AddExerciseVC.swift in Sources */ = {isa = PBXBuildFile; fileRef = B81B9D0C1FBC4B6D00823325 /* AddExerciseVC.swift */; };
		B81B9D0F1FBC569500823325 /* PaddedTextField.swift in Sources */ = {isa = PBXBuildFile; fileRef = B81B9D0E1FBC569500823325 /* PaddedTextField.swift */; };
		B82627A41FBA1E6A00114A30 /* AppDelegate.swift in Sources */ = {isa = PBXBuildFile; fileRef = B82627A31FBA1E6A00114A30 /* AppDelegate.swift */; };
		B82627A61FBA1E6A00114A30 /* RootViewController.swift in Sources */ = {isa = PBXBuildFile; fileRef = B82627A51FBA1E6A00114A30 /* RootViewController.swift */; };
		B82627A81FBA1E6A00114A30 /* DataViewController.swift in Sources */ = {isa = PBXBuildFile; fileRef = B82627A71FBA1E6A00114A30 /* DataViewController.swift */; };
		B82627AA1FBA1E6A00114A30 /* ModelController.swift in Sources */ = {isa = PBXBuildFile; fileRef = B82627A91FBA1E6A00114A30 /* ModelController.swift */; };
		B82627AD1FBA1E6A00114A30 /* Main.storyboard in Resources */ = {isa = PBXBuildFile; fileRef = B82627AB1FBA1E6A00114A30 /* Main.storyboard */; };
		B82627B21FBA1E6A00114A30 /* LaunchScreen.storyboard in Resources */ = {isa = PBXBuildFile; fileRef = B82627B01FBA1E6A00114A30 /* LaunchScreen.storyboard */; };
		B82627BC1FBA3C0B00114A30 /* images.xcassets in Resources */ = {isa = PBXBuildFile; fileRef = B82627BB1FBA3C0B00114A30 /* images.xcassets */; };
		B82627BE1FBA4C3C00114A30 /* ExerciseDetailVC.swift in Sources */ = {isa = PBXBuildFile; fileRef = B82627BD1FBA4C3C00114A30 /* ExerciseDetailVC.swift */; };
		B828490E1FC714F40020B1F2 /* UIRoundedButton.swift in Sources */ = {isa = PBXBuildFile; fileRef = B828490D1FC714F40020B1F2 /* UIRoundedButton.swift */; };
		B83A91B21FCEBC1A00CDA6F4 /* Workout.swift in Sources */ = {isa = PBXBuildFile; fileRef = B83A91B11FCEBC1A00CDA6F4 /* Workout.swift */; };
/* End PBXBuildFile section */

/* Begin PBXFileReference section */
		B81B9D061FBA725900823325 /* Exercise.swift */ = {isa = PBXFileReference; lastKnownFileType = sourcecode.swift; path = Exercise.swift; sourceTree = "<group>"; };
		B81B9D0A1FBB740300823325 /* UIColor.swift */ = {isa = PBXFileReference; lastKnownFileType = sourcecode.swift; path = UIColor.swift; sourceTree = "<group>"; };
		B81B9D0C1FBC4B6D00823325 /* AddExerciseVC.swift */ = {isa = PBXFileReference; lastKnownFileType = sourcecode.swift; path = AddExerciseVC.swift; sourceTree = "<group>"; };
		B81B9D0E1FBC569500823325 /* PaddedTextField.swift */ = {isa = PBXFileReference; lastKnownFileType = sourcecode.swift; path = PaddedTextField.swift; sourceTree = "<group>"; };
		B82627A01FBA1E6A00114A30 /* GymBuddy.app */ = {isa = PBXFileReference; explicitFileType = wrapper.application; includeInIndex = 0; path = GymBuddy.app; sourceTree = BUILT_PRODUCTS_DIR; };
		B82627A31FBA1E6A00114A30 /* AppDelegate.swift */ = {isa = PBXFileReference; lastKnownFileType = sourcecode.swift; path = AppDelegate.swift; sourceTree = "<group>"; };
		B82627A51FBA1E6A00114A30 /* RootViewController.swift */ = {isa = PBXFileReference; lastKnownFileType = sourcecode.swift; path = RootViewController.swift; sourceTree = "<group>"; };
		B82627A71FBA1E6A00114A30 /* DataViewController.swift */ = {isa = PBXFileReference; lastKnownFileType = sourcecode.swift; path = DataViewController.swift; sourceTree = "<group>"; };
		B82627A91FBA1E6A00114A30 /* ModelController.swift */ = {isa = PBXFileReference; lastKnownFileType = sourcecode.swift; path = ModelController.swift; sourceTree = "<group>"; };
		B82627AC1FBA1E6A00114A30 /* Base */ = {isa = PBXFileReference; lastKnownFileType = file.storyboard; name = Base; path = Base.lproj/Main.storyboard; sourceTree = "<group>"; };
		B82627B11FBA1E6A00114A30 /* Base */ = {isa = PBXFileReference; lastKnownFileType = file.storyboard; name = Base; path = Base.lproj/LaunchScreen.storyboard; sourceTree = "<group>"; };
		B82627B31FBA1E6A00114A30 /* Info.plist */ = {isa = PBXFileReference; lastKnownFileType = text.plist.xml; path = Info.plist; sourceTree = "<group>"; };
		B82627BB1FBA3C0B00114A30 /* images.xcassets */ = {isa = PBXFileReference; lastKnownFileType = folder.assetcatalog; path = images.xcassets; sourceTree = "<group>"; };
		B82627BD1FBA4C3C00114A30 /* ExerciseDetailVC.swift */ = {isa = PBXFileReference; lastKnownFileType = sourcecode.swift; path = ExerciseDetailVC.swift; sourceTree = "<group>"; };
		B828490D1FC714F40020B1F2 /* UIRoundedButton.swift */ = {isa = PBXFileReference; lastKnownFileType = sourcecode.swift; path = UIRoundedButton.swift; sourceTree = "<group>"; };
		B83A91B11FCEBC1A00CDA6F4 /* Workout.swift */ = {isa = PBXFileReference; lastKnownFileType = sourcecode.swift; path = Workout.swift; sourceTree = "<group>"; };
/* End PBXFileReference section */

/* Begin PBXFrameworksBuildPhase section */
		B826279D1FBA1E6900114A30 /* Frameworks */ = {
			isa = PBXFrameworksBuildPhase;
			buildActionMask = 2147483647;
			files = (
			);
			runOnlyForDeploymentPostprocessing = 0;
		};
/* End PBXFrameworksBuildPhase section */

/* Begin PBXGroup section */
		B82627971FBA1E6900114A30 = {
			isa = PBXGroup;
			children = (
				B82627A21FBA1E6A00114A30 /* GymBuddy */,
				B82627A11FBA1E6A00114A30 /* Products */,
			);
			sourceTree = "<group>";
		};
		B82627A11FBA1E6A00114A30 /* Products */ = {
			isa = PBXGroup;
			children = (
				B82627A01FBA1E6A00114A30 /* GymBuddy.app */,
			);
			name = Products;
			sourceTree = "<group>";
		};
		B82627A21FBA1E6A00114A30 /* GymBuddy */ = {
			isa = PBXGroup;
			children = (
				B82627BB1FBA3C0B00114A30 /* images.xcassets */,
				B82627A31FBA1E6A00114A30 /* AppDelegate.swift */,
				B82627A51FBA1E6A00114A30 /* RootViewController.swift */,
				B82627A71FBA1E6A00114A30 /* DataViewController.swift */,
				B82627A91FBA1E6A00114A30 /* ModelController.swift */,
				B82627AB1FBA1E6A00114A30 /* Main.storyboard */,
				B82627B01FBA1E6A00114A30 /* LaunchScreen.storyboard */,
				B82627B31FBA1E6A00114A30 /* Info.plist */,
				B82627BD1FBA4C3C00114A30 /* ExerciseDetailVC.swift */,
				B81B9D061FBA725900823325 /* Exercise.swift */,
				B81B9D0A1FBB740300823325 /* UIColor.swift */,
				B81B9D0C1FBC4B6D00823325 /* AddExerciseVC.swift */,
				B81B9D0E1FBC569500823325 /* PaddedTextField.swift */,
				B828490D1FC714F40020B1F2 /* UIRoundedButton.swift */,
				B83A91B11FCEBC1A00CDA6F4 /* Workout.swift */,
			);
			path = GymBuddy;
			sourceTree = "<group>";
		};
/* End PBXGroup section */

/* Begin PBXNativeTarget section */
		B826279F1FBA1E6900114A30 /* GymBuddy */ = {
			isa = PBXNativeTarget;
			buildConfigurationList = B82627B61FBA1E6A00114A30 /* Build configuration list for PBXNativeTarget "GymBuddy" */;
			buildPhases = (
				B826279C1FBA1E6900114A30 /* Sources */,
				B826279D1FBA1E6900114A30 /* Frameworks */,
				B826279E1FBA1E6900114A30 /* Resources */,
			);
			buildRules = (
			);
			dependencies = (
			);
			name = GymBuddy;
			productName = GymBuddy;
			productReference = B82627A01FBA1E6A00114A30 /* GymBuddy.app */;
			productType = "com.apple.product-type.application";
		};
/* End PBXNativeTarget section */

/* Begin PBXProject section */
		B82627981FBA1E6900114A30 /* Project object */ = {
			isa = PBXProject;
			attributes = {
				LastSwiftUpdateCheck = 0910;
				LastUpgradeCheck = 0910;
				ORGANIZATIONNAME = "Anes Hasicic";
				TargetAttributes = {
					B826279F1FBA1E6900114A30 = {
						CreatedOnToolsVersion = 9.1;
						ProvisioningStyle = Automatic;
					};
				};
			};
			buildConfigurationList = B826279B1FBA1E6900114A30 /* Build configuration list for PBXProject "GymBuddy" */;
			compatibilityVersion = "Xcode 8.0";
			developmentRegion = en;
			hasScannedForEncodings = 0;
			knownRegions = (
				en,
				Base,
			);
			mainGroup = B82627971FBA1E6900114A30;
			productRefGroup = B82627A11FBA1E6A00114A30 /* Products */;
			projectDirPath = "";
			projectRoot = "";
			targets = (
				B826279F1FBA1E6900114A30 /* GymBuddy */,
			);
		};
/* End PBXProject section */

/* Begin PBXResourcesBuildPhase section */
		B826279E1FBA1E6900114A30 /* Resources */ = {
			isa = PBXResourcesBuildPhase;
			buildActionMask = 2147483647;
			files = (
				B82627BC1FBA3C0B00114A30 /* images.xcassets in Resources */,
				B82627B21FBA1E6A00114A30 /* LaunchScreen.storyboard in Resources */,
				B82627AD1FBA1E6A00114A30 /* Main.storyboard in Resources */,
			);
			runOnlyForDeploymentPostprocessing = 0;
		};
/* End PBXResourcesBuildPhase section */

/* Begin PBXSourcesBuildPhase section */
		B826279C1FBA1E6900114A30 /* Sources */ = {
			isa = PBXSourcesBuildPhase;
			buildActionMask = 2147483647;
			files = (
				B82627A61FBA1E6A00114A30 /* RootViewController.swift in Sources */,
				B828490E1FC714F40020B1F2 /* UIRoundedButton.swift in Sources */,
				B81B9D0F1FBC569500823325 /* PaddedTextField.swift in Sources */,
				B81B9D0B1FBB740300823325 /* UIColor.swift in Sources */,
				B81B9D0D1FBC4B6D00823325 /* AddExerciseVC.swift in Sources */,
				B82627BE1FBA4C3C00114A30 /* ExerciseDetailVC.swift in Sources */,
				B83A91B21FCEBC1A00CDA6F4 /* Workout.swift in Sources */,
				B81B9D071FBA725900823325 /* Exercise.swift in Sources */,
				B82627AA1FBA1E6A00114A30 /* ModelController.swift in Sources */,
				B82627A81FBA1E6A00114A30 /* DataViewController.swift in Sources */,
				B82627A41FBA1E6A00114A30 /* AppDelegate.swift in Sources */,
			);
			runOnlyForDeploymentPostprocessing = 0;
		};
/* End PBXSourcesBuildPhase section */

/* Begin PBXVariantGroup section */
		B82627AB1FBA1E6A00114A30 /* Main.storyboard */ = {
			isa = PBXVariantGroup;
			children = (
				B82627AC1FBA1E6A00114A30 /* Base */,
			);
			name = Main.storyboard;
			sourceTree = "<group>";
		};
		B82627B01FBA1E6A00114A30 /* LaunchScreen.storyboard */ = {
			isa = PBXVariantGroup;
			children = (
				B82627B11FBA1E6A00114A30 /* Base */,
			);
			name = LaunchScreen.storyboard;
			sourceTree = "<group>";
		};
/* End PBXVariantGroup section */

/* Begin XCBuildConfiguration section */
		B82627B41FBA1E6A00114A30 /* Debug */ = {
			isa = XCBuildConfiguration;
			buildSettings = {
				ALWAYS_SEARCH_USER_PATHS = NO;
				CLANG_ANALYZER_NONNULL = YES;
				CLANG_ANALYZER_NUMBER_OBJECT_CONVERSION = YES_AGGRESSIVE;
				CLANG_CXX_LANGUAGE_STANDARD = "gnu++14";
				CLANG_CXX_LIBRARY = "libc++";
				CLANG_ENABLE_MODULES = YES;
				CLANG_ENABLE_OBJC_ARC = YES;
				CLANG_WARN_BLOCK_CAPTURE_AUTORELEASING = YES;
				CLANG_WARN_BOOL_CONVERSION = YES;
				CLANG_WARN_COMMA = YES;
				CLANG_WARN_CONSTANT_CONVERSION = YES;
				CLANG_WARN_DIRECT_OBJC_ISA_USAGE = YES_ERROR;
				CLANG_WARN_DOCUMENTATION_COMMENTS = YES;
				CLANG_WARN_EMPTY_BODY = YES;
				CLANG_WARN_ENUM_CONVERSION = YES;
				CLANG_WARN_INFINITE_RECURSION = YES;
				CLANG_WARN_INT_CONVERSION = YES;
				CLANG_WARN_NON_LITERAL_NULL_CONVERSION = YES;
				CLANG_WARN_OBJC_LITERAL_CONVERSION = YES;
				CLANG_WARN_OBJC_ROOT_CLASS = YES_ERROR;
				CLANG_WARN_RANGE_LOOP_ANALYSIS = YES;
				CLANG_WARN_STRICT_PROTOTYPES = YES;
				CLANG_WARN_SUSPICIOUS_MOVE = YES;
				CLANG_WARN_UNGUARDED_AVAILABILITY = YES_AGGRESSIVE;
				CLANG_WARN_UNREACHABLE_CODE = YES;
				CLANG_WARN__DUPLICATE_METHOD_MATCH = YES;
				CODE_SIGN_IDENTITY = "iPhone Developer";
				COPY_PHASE_STRIP = NO;
				DEBUG_INFORMATION_FORMAT = dwarf;
				ENABLE_STRICT_OBJC_MSGSEND = YES;
				ENABLE_TESTABILITY = YES;
				GCC_C_LANGUAGE_STANDARD = gnu11;
				GCC_DYNAMIC_NO_PIC = NO;
				GCC_NO_COMMON_BLOCKS = YES;
				GCC_OPTIMIZATION_LEVEL = 0;
				GCC_PREPROCESSOR_DEFINITIONS = (
					"DEBUG=1",
					"$(inherited)",
				);
				GCC_WARN_64_TO_32_BIT_CONVERSION = YES;
				GCC_WARN_ABOUT_RETURN_TYPE = YES_ERROR;
				GCC_WARN_UNDECLARED_SELECTOR = YES;
				GCC_WARN_UNINITIALIZED_AUTOS = YES_AGGRESSIVE;
				GCC_WARN_UNUSED_FUNCTION = YES;
				GCC_WARN_UNUSED_VARIABLE = YES;
				IPHONEOS_DEPLOYMENT_TARGET = 11.1;
				MTL_ENABLE_DEBUG_INFO = YES;
				ONLY_ACTIVE_ARCH = YES;
				SDKROOT = iphoneos;
				SWIFT_ACTIVE_COMPILATION_CONDITIONS = DEBUG;
				SWIFT_OPTIMIZATION_LEVEL = "-Onone";
			};
			name = Debug;
		};
		B82627B51FBA1E6A00114A30 /* Release */ = {
			isa = XCBuildConfiguration;
			buildSettings = {
				ALWAYS_SEARCH_USER_PATHS = NO;
				CLANG_ANALYZER_NONNULL = YES;
				CLANG_ANALYZER_NUMBER_OBJECT_CONVERSION = YES_AGGRESSIVE;
				CLANG_CXX_LANGUAGE_STANDARD = "gnu++14";
				CLANG_CXX_LIBRARY = "libc++";
				CLANG_ENABLE_MODULES = YES;
				CLANG_ENABLE_OBJC_ARC = YES;
				CLANG_WARN_BLOCK_CAPTURE_AUTORELEASING = YES;
				CLANG_WARN_BOOL_CONVERSION = YES;
				CLANG_WARN_COMMA = YES;
				CLANG_WARN_CONSTANT_CONVERSION = YES;
				CLANG_WARN_DIRECT_OBJC_ISA_USAGE = YES_ERROR;
				CLANG_WARN_DOCUMENTATION_COMMENTS = YES;
				CLANG_WARN_EMPTY_BODY = YES;
				CLANG_WARN_ENUM_CONVERSION = YES;
				CLANG_WARN_INFINITE_RECURSION = YES;
				CLANG_WARN_INT_CONVERSION = YES;
				CLANG_WARN_NON_LITERAL_NULL_CONVERSION = YES;
				CLANG_WARN_OBJC_LITERAL_CONVERSION = YES;
				CLANG_WARN_OBJC_ROOT_CLASS = YES_ERROR;
				CLANG_WARN_RANGE_LOOP_ANALYSIS = YES;
				CLANG_WARN_STRICT_PROTOTYPES = YES;
				CLANG_WARN_SUSPICIOUS_MOVE = YES;
				CLANG_WARN_UNGUARDED_AVAILABILITY = YES_AGGRESSIVE;
				CLANG_WARN_UNREACHABLE_CODE = YES;
				CLANG_WARN__DUPLICATE_METHOD_MATCH = YES;
				CODE_SIGN_IDENTITY = "iPhone Developer";
				COPY_PHASE_STRIP = NO;
				DEBUG_INFORMATION_FORMAT = "dwarf-with-dsym";
				ENABLE_NS_ASSERTIONS = NO;
				ENABLE_STRICT_OBJC_MSGSEND = YES;
				GCC_C_LANGUAGE_STANDARD = gnu11;
				GCC_NO_COMMON_BLOCKS = YES;
				GCC_WARN_64_TO_32_BIT_CONVERSION = YES;
				GCC_WARN_ABOUT_RETURN_TYPE = YES_ERROR;
				GCC_WARN_UNDECLARED_SELECTOR = YES;
				GCC_WARN_UNINITIALIZED_AUTOS = YES_AGGRESSIVE;
				GCC_WARN_UNUSED_FUNCTION = YES;
				GCC_WARN_UNUSED_VARIABLE = YES;
				IPHONEOS_DEPLOYMENT_TARGET = 11.1;
				MTL_ENABLE_DEBUG_INFO = NO;
				SDKROOT = iphoneos;
				SWIFT_OPTIMIZATION_LEVEL = "-Owholemodule";
				VALIDATE_PRODUCT = YES;
			};
			name = Release;
		};
		B82627B71FBA1E6A00114A30 /* Debug */ = {
			isa = XCBuildConfiguration;
			buildSettings = {
				ASSETCATALOG_COMPILER_APPICON_NAME = AppIcon;
				CODE_SIGN_STYLE = Automatic;
				DEVELOPMENT_TEAM = 59H75BATX8;
				INFOPLIST_FILE = GymBuddy/Info.plist;
				IPHONEOS_DEPLOYMENT_TARGET = 11.0;
				LD_RUNPATH_SEARCH_PATHS = "$(inherited) @executable_path/Frameworks";
				PRODUCT_BUNDLE_IDENTIFIER = com.anes.GymBuddy;
				PRODUCT_NAME = "$(TARGET_NAME)";
				SDKROOT = iphoneos11.1;
				SWIFT_VERSION = 4.0;
				TARGETED_DEVICE_FAMILY = "1,2";
			};
			name = Debug;
		};
		B82627B81FBA1E6A00114A30 /* Release */ = {
			isa = XCBuildConfiguration;
			buildSettings = {
				ASSETCATALOG_COMPILER_APPICON_NAME = AppIcon;
				CODE_SIGN_STYLE = Automatic;
				DEVELOPMENT_TEAM = 59H75BATX8;
				INFOPLIST_FILE = GymBuddy/Info.plist;
				IPHONEOS_DEPLOYMENT_TARGET = 11.0;
				LD_RUNPATH_SEARCH_PATHS = "$(inherited) @executable_path/Frameworks";
				PRODUCT_BUNDLE_IDENTIFIER = com.anes.GymBuddy;
				PRODUCT_NAME = "$(TARGET_NAME)";
				SDKROOT = iphoneos11.1;
				SWIFT_VERSION = 4.0;
				TARGETED_DEVICE_FAMILY = "1,2";
			};
			name = Release;
		};
/* End XCBuildConfiguration section */

/* Begin XCConfigurationList section */
		B826279B1FBA1E6900114A30 /* Build configuration list for PBXProject "GymBuddy" */ = {
			isa = XCConfigurationList;
			buildConfigurations = (
				B82627B41FBA1E6A00114A30 /* Debug */,
				B82627B51FBA1E6A00114A30 /* Release */,
			);
			defaultConfigurationIsVisible = 0;
			defaultConfigurationName = Release;
		};
		B82627B61FBA1E6A00114A30 /* Build configuration list for PBXNativeTarget "GymBuddy" */ = {
			isa = XCConfigurationList;
			buildConfigurations = (
				B82627B71FBA1E6A00114A30 /* Debug */,
				B82627B81FBA1E6A00114A30 /* Release */,
			);
			defaultConfigurationIsVisible = 0;
			defaultConfigurationName = Release;
		};
/* End XCConfigurationList section */
	};
	rootObject = B82627981FBA1E6900114A30 /* Project object */;
}
